// !$*UTF8*$!
{
	archiveVersion = 1;
	classes = {
	};
	objectVersion = 56;
	objects = {

/* Begin PBXBuildFile section */
		A10001 /* SelectTranslateApp.swift in Sources */ = {isa = PBXBuildFile; fileRef = B10001 /* SelectTranslateApp.swift */; };
		A10002 /* AppDelegate.swift in Sources */ = {isa = PBXBuildFile; fileRef = B10002 /* AppDelegate.swift */; };
		A10003 /* MenuBarController.swift in Sources */ = {isa = PBXBuildFile; fileRef = B10003 /* MenuBarController.swift */; };
		A10004 /* AccessibilityMonitor.swift in Sources */ = {isa = PBXBuildFile; fileRef = B10004 /* AccessibilityMonitor.swift */; };
		A10005 /* TooltipPanel.swift in Sources */ = {isa = PBXBuildFile; fileRef = B10005 /* TooltipPanel.swift */; };
		A10007 /* TranslationService.swift in Sources */ = {isa = PBXBuildFile; fileRef = B10007 /* TranslationService.swift */; };
		A10008 /* OpenAITranslator.swift in Sources */ = {isa = PBXBuildFile; fileRef = B10008 /* OpenAITranslator.swift */; };
		A10010 /* LanguageDetector.swift in Sources */ = {isa = PBXBuildFile; fileRef = B10010 /* LanguageDetector.swift */; };
		A10011 /* TranslationResult.swift in Sources */ = {isa = PBXBuildFile; fileRef = B10011 /* TranslationResult.swift */; };
		A10012 /* AppSettings.swift in Sources */ = {isa = PBXBuildFile; fileRef = B10012 /* AppSettings.swift */; };
		A10013 /* SettingsView.swift in Sources */ = {isa = PBXBuildFile; fileRef = B10013 /* SettingsView.swift */; };
		A10014 /* Assets.xcassets in Resources */ = {isa = PBXBuildFile; fileRef = B10014 /* Assets.xcassets */; };
		A10015 /* KeychainHelper.swift in Sources */ = {isa = PBXBuildFile; fileRef = B10015 /* KeychainHelper.swift */; };
		A10016 /* OnboardingView.swift in Sources */ = {isa = PBXBuildFile; fileRef = B10016 /* OnboardingView.swift */; };
		A10017 /* Localizable.xcstrings in Resources */ = {isa = PBXBuildFile; fileRef = B10017 /* Localizable.xcstrings */; };
		A10020 /* Plugin.swift in Sources */ = {isa = PBXBuildFile; fileRef = B10020 /* Plugin.swift */; };
		A10021 /* PluginManager.swift in Sources */ = {isa = PBXBuildFile; fileRef = B10021 /* PluginManager.swift */; };
		A10022 /* ResultPanel.swift in Sources */ = {isa = PBXBuildFile; fileRef = B10022 /* ResultPanel.swift */; };
		A10023 /* UserInputPanel.swift in Sources */ = {isa = PBXBuildFile; fileRef = B10023 /* UserInputPanel.swift */; };
		A10024 /* PluginSettingsView.swift in Sources */ = {isa = PBXBuildFile; fileRef = B10024 /* PluginSettingsView.swift */; };
		A10025 /* MarkdownContentView.swift in Sources */ = {isa = PBXBuildFile; fileRef = B10025 /* MarkdownContentView.swift */; };
/* End PBXBuildFile section */

/* Begin PBXFileReference section */
		B10000 /* PickLingo.app */ = {isa = PBXFileReference; explicitFileType = wrapper.application; includeInIndex = 0; path = PickLingo.app; sourceTree = BUILT_PRODUCTS_DIR; };
		B10001 /* SelectTranslateApp.swift */ = {isa = PBXFileReference; lastKnownFileType = sourcecode.swift; path = SelectTranslateApp.swift; sourceTree = "<group>"; };
		B10002 /* AppDelegate.swift */ = {isa = PBXFileReference; lastKnownFileType = sourcecode.swift; path = AppDelegate.swift; sourceTree = "<group>"; };
		B10003 /* MenuBarController.swift */ = {isa = PBXFileReference; lastKnownFileType = sourcecode.swift; path = MenuBarController.swift; sourceTree = "<group>"; };
		B10004 /* AccessibilityMonitor.swift */ = {isa = PBXFileReference; lastKnownFileType = sourcecode.swift; path = AccessibilityMonitor.swift; sourceTree = "<group>"; };
		B10005 /* TooltipPanel.swift */ = {isa = PBXFileReference; lastKnownFileType = sourcecode.swift; path = TooltipPanel.swift; sourceTree = "<group>"; };
		B10007 /* TranslationService.swift */ = {isa = PBXFileReference; lastKnownFileType = sourcecode.swift; path = TranslationService.swift; sourceTree = "<group>"; };
		B10008 /* OpenAITranslator.swift */ = {isa = PBXFileReference; lastKnownFileType = sourcecode.swift; path = OpenAITranslator.swift; sourceTree = "<group>"; };
		B10010 /* LanguageDetector.swift */ = {isa = PBXFileReference; lastKnownFileType = sourcecode.swift; path = LanguageDetector.swift; sourceTree = "<group>"; };
		B10011 /* TranslationResult.swift */ = {isa = PBXFileReference; lastKnownFileType = sourcecode.swift; path = TranslationResult.swift; sourceTree = "<group>"; };
		B10012 /* AppSettings.swift */ = {isa = PBXFileReference; lastKnownFileType = sourcecode.swift; path = AppSettings.swift; sourceTree = "<group>"; };
		B10013 /* SettingsView.swift */ = {isa = PBXFileReference; lastKnownFileType = sourcecode.swift; path = SettingsView.swift; sourceTree = "<group>"; };
		B10014 /* Assets.xcassets */ = {isa = PBXFileReference; lastKnownFileType = folder.assetcatalog; path = Assets.xcassets; sourceTree = "<group>"; };
		B10015 /* KeychainHelper.swift */ = {isa = PBXFileReference; lastKnownFileType = sourcecode.swift; path = KeychainHelper.swift; sourceTree = "<group>"; };
		B10016 /* OnboardingView.swift */ = {isa = PBXFileReference; lastKnownFileType = sourcecode.swift; path = OnboardingView.swift; sourceTree = "<group>"; };
		B10017 /* Localizable.xcstrings */ = {isa = PBXFileReference; lastKnownFileType = text.json.xcstrings; path = Localizable.xcstrings; sourceTree = "<group>"; };
		B10018 /* Info.plist */ = {isa = PBXFileReference; lastKnownFileType = text.plist.xml; path = Info.plist; sourceTree = "<group>"; };
		B10019 /* SelectTranslate.entitlements */ = {isa = PBXFileReference; lastKnownFileType = text.plist.entitlements; path = SelectTranslate.entitlements; sourceTree = "<group>"; };
		B10020 /* Plugin.swift */ = {isa = PBXFileReference; lastKnownFileType = sourcecode.swift; path = Plugin.swift; sourceTree = "<group>"; };
		B10021 /* PluginManager.swift */ = {isa = PBXFileReference; lastKnownFileType = sourcecode.swift; path = PluginManager.swift; sourceTree = "<group>"; };
		B10022 /* ResultPanel.swift */ = {isa = PBXFileReference; lastKnownFileType = sourcecode.swift; path = ResultPanel.swift; sourceTree = "<group>"; };
		B10023 /* UserInputPanel.swift */ = {isa = PBXFileReference; lastKnownFileType = sourcecode.swift; path = UserInputPanel.swift; sourceTree = "<group>"; };
		B10024 /* PluginSettingsView.swift */ = {isa = PBXFileReference; lastKnownFileType = sourcecode.swift; path = PluginSettingsView.swift; sourceTree = "<group>"; };
		B10025 /* MarkdownContentView.swift */ = {isa = PBXFileReference; lastKnownFileType = sourcecode.swift; path = MarkdownContentView.swift; sourceTree = "<group>"; };
/* End PBXFileReference section */

/* Begin PBXFrameworksBuildPhase section */
		C10001 /* Frameworks */ = {
			isa = PBXFrameworksBuildPhase;
			buildActionMask = 2147483647;
			files = (
			);
			runOnlyForDeploymentPostprocessing = 0;
		};
/* End PBXFrameworksBuildPhase section */

/* Begin PBXGroup section */
		D10000 = {
			isa = PBXGroup;
			children = (
				D10001 /* SelectTranslate */,
				D10006 /* Products */,
			);
			sourceTree = "<group>";
		};
		D10001 /* SelectTranslate */ = {
			isa = PBXGroup;
			children = (
				B10018 /* Info.plist */,
				B10019 /* SelectTranslate.entitlements */,
				D10002 /* App */,
				D10003 /* UI */,
				D10004 /* Services */,
				D10005 /* Models */,
				D10007 /* Resources */,
			);
			path = PickLingo;
			sourceTree = "<group>";
		};
		D10002 /* App */ = {
			isa = PBXGroup;
			children = (
				B10001 /* SelectTranslateApp.swift */,
				B10002 /* AppDelegate.swift */,
				B10003 /* MenuBarController.swift */,
				B10004 /* AccessibilityMonitor.swift */,
			);
			path = App;
			sourceTree = "<group>";
		};
		D10003 /* UI */ = {
			isa = PBXGroup;
			children = (
				B10005 /* TooltipPanel.swift */,
				B10022 /* ResultPanel.swift */,
				B10023 /* UserInputPanel.swift */,
				B10013 /* SettingsView.swift */,
				B10024 /* PluginSettingsView.swift */,
				B10016 /* OnboardingView.swift */,
				B10025 /* MarkdownContentView.swift */,
			);
			path = UI;
			sourceTree = "<group>";
		};
		D10004 /* Services */ = {
			isa = PBXGroup;
			children = (
				B10007 /* TranslationService.swift */,
				B10008 /* OpenAITranslator.swift */,
				B10021 /* PluginManager.swift */,
				B10010 /* LanguageDetector.swift */,
				B10015 /* KeychainHelper.swift */,
			);
			path = Services;
			sourceTree = "<group>";
		};
		D10005 /* Models */ = {
			isa = PBXGroup;
			children = (
				B10011 /* TranslationResult.swift */,
				B10012 /* AppSettings.swift */,
				B10020 /* Plugin.swift */,
			);
			path = Models;
			sourceTree = "<group>";
		};
		D10006 /* Products */ = {
			isa = PBXGroup;
			children = (
				B10000 /* PickLingo.app */,
			);
			name = Products;
			sourceTree = "<group>";
		};
		D10007 /* Resources */ = {
			isa = PBXGroup;
			children = (
				B10014 /* Assets.xcassets */,
				B10017 /* Localizable.xcstrings */,
			);
			path = Resources;
			sourceTree = "<group>";
		};
/* End PBXGroup section */

/* Begin PBXNativeTarget section */
		E10001 /* PickLingo */ = {
			isa = PBXNativeTarget;
			buildConfigurationList = F10003 /* Build configuration list for PBXNativeTarget "PickLingo" */;
			buildPhases = (
				C10002 /* Sources */,
				C10001 /* Frameworks */,
				C10003 /* Resources */,
			);
			buildRules = (
			);
			dependencies = (
			);
			name = PickLingo;
			productName = PickLingo;
			productReference = B10000 /* PickLingo.app */;
			productType = "com.apple.product-type.application";
		};
/* End PBXNativeTarget section */

/* Begin PBXProject section */
		D10000_PROJECT /* Project object */ = {
			isa = PBXProject;
			attributes = {
				BuildIndependentTargetsInParallel = 1;
				LastSwiftUpdateCheck = 1600;
				LastUpgradeCheck = 2640;
				TargetAttributes = {
					E10001 = {
						CreatedOnToolsVersion = 16.0;
					};
				};
			};
			buildConfigurationList = F10001 /* Build configuration list for PBXProject "PickLingo" */;
			compatibilityVersion = "Xcode 14.0";
			developmentRegion = en;
			hasScannedForEncodings = 0;
			knownRegions = (
				en,
				"zh-Hans",
			);
			mainGroup = D10000;
			productRefGroup = D10006 /* Products */;
			projectDirPath = "";
			projectRoot = "";
			targets = (
				E10001 /* PickLingo */,
			);
		};
/* End PBXProject section */

/* Begin PBXResourcesBuildPhase section */
		C10003 /* Resources */ = {
			isa = PBXResourcesBuildPhase;
			buildActionMask = 2147483647;
			files = (
				A10014 /* Assets.xcassets in Resources */,
				A10017 /* Localizable.xcstrings in Resources */,
			);
			runOnlyForDeploymentPostprocessing = 0;
		};
/* End PBXResourcesBuildPhase section */

/* Begin PBXSourcesBuildPhase section */
		C10002 /* Sources */ = {
			isa = PBXSourcesBuildPhase;
			buildActionMask = 2147483647;
			files = (
				A10001 /* SelectTranslateApp.swift in Sources */,
				A10002 /* AppDelegate.swift in Sources */,
				A10003 /* MenuBarController.swift in Sources */,
				A10004 /* AccessibilityMonitor.swift in Sources */,
				A10005 /* TooltipPanel.swift in Sources */,
				A10007 /* TranslationService.swift in Sources */,
				A10008 /* OpenAITranslator.swift in Sources */,
				A10010 /* LanguageDetector.swift in Sources */,
				A10011 /* TranslationResult.swift in Sources */,
				A10012 /* AppSettings.swift in Sources */,
				A10013 /* SettingsView.swift in Sources */,
				A10015 /* KeychainHelper.swift in Sources */,
				A10016 /* OnboardingView.swift in Sources */,
				A10020 /* Plugin.swift in Sources */,
				A10021 /* PluginManager.swift in Sources */,
				A10022 /* ResultPanel.swift in Sources */,
				A10023 /* UserInputPanel.swift in Sources */,
				A10024 /* PluginSettingsView.swift in Sources */,
				A10025 /* MarkdownContentView.swift in Sources */,
			);
			runOnlyForDeploymentPostprocessing = 0;
		};
/* End PBXSourcesBuildPhase section */

/* Begin XCBuildConfiguration section */
		F10001_DEBUG /* Debug */ = {
			isa = XCBuildConfiguration;
			buildSettings = {
				ALWAYS_SEARCH_USER_PATHS = NO;
				ASSETCATALOG_COMPILER_GENERATE_SWIFT_ASSET_SYMBOL_EXTENSIONS = YES;
				CLANG_ANALYZER_LOCALIZABILITY_NONLOCALIZED = YES;
				CLANG_ANALYZER_NONNULL = YES;
				CLANG_CXX_LANGUAGE_STANDARD = "gnu++20";
				CLANG_ENABLE_MODULES = YES;
				CLANG_ENABLE_OBJC_ARC = YES;
				CLANG_WARN_BLOCK_CAPTURE_AUTORELEASING = YES;
				CLANG_WARN_BOOL_CONVERSION = YES;
				CLANG_WARN_COMMA = YES;
				CLANG_WARN_CONSTANT_CONVERSION = YES;
				CLANG_WARN_DEPRECATED_OBJC_IMPLEMENTATIONS = YES;
				CLANG_WARN_EMPTY_BODY = YES;
				CLANG_WARN_ENUM_CONVERSION = YES;
				CLANG_WARN_INFINITE_RECURSION = YES;
				CLANG_WARN_INT_CONVERSION = YES;
				CLANG_WARN_NON_LITERAL_NULL_CONVERSION = YES;
				CLANG_WARN_OBJC_IMPLICIT_RETAIN_SELF = YES;
				CLANG_WARN_OBJC_LITERAL_CONVERSION = YES;
				CLANG_WARN_QUOTED_INCLUDE_IN_FRAMEWORK_HEADER = YES;
				CLANG_WARN_RANGE_LOOP_ANALYSIS = YES;
				CLANG_WARN_STRICT_PROTOTYPES = YES;
				CLANG_WARN_SUSPICIOUS_MOVE = YES;
				CLANG_WARN_UNREACHABLE_CODE = YES;
				CLANG_WARN__DUPLICATE_METHOD_MATCH = YES;
				COPY_PHASE_STRIP = NO;
				DEAD_CODE_STRIPPING = YES;
				DEBUG_INFORMATION_FORMAT = dwarf;
				ENABLE_STRICT_OBJC_MSGSEND = YES;
				ENABLE_TESTABILITY = YES;
				ENABLE_USER_SCRIPT_SANDBOXING = YES;
				GCC_DYNAMIC_NO_PIC = NO;
				GCC_NO_COMMON_BLOCKS = YES;
				GCC_OPTIMIZATION_LEVEL = 0;
				GCC_PREPROCESSOR_DEFINITIONS = (
					"DEBUG=1",
					"$(inherited)",
				);
				GCC_WARN_64_TO_32_BIT_CONVERSION = YES;
				GCC_WARN_ABOUT_RETURN_TYPE = YES_ERROR;
				GCC_WARN_UNDECLARED_SELECTOR = YES;
				GCC_WARN_UNINITIALIZED_AUTOS = YES_AGGRESSIVE;
				GCC_WARN_UNUSED_FUNCTION = YES;
				GCC_WARN_UNUSED_VARIABLE = YES;
				MACOSX_DEPLOYMENT_TARGET = 14.0;
				MTL_ENABLE_DEBUG_INFO = INCLUDE_SOURCE;
				ONLY_ACTIVE_ARCH = YES;
				SDKROOT = macosx;
				STRING_CATALOG_GENERATE_SYMBOLS = YES;
				SWIFT_ACTIVE_COMPILATION_CONDITIONS = "$(inherited) DEBUG";
				SWIFT_OPTIMIZATION_LEVEL = "-Onone";
			};
			name = Debug;
		};
		F10001_RELEASE /* Release */ = {
			isa = XCBuildConfiguration;
			buildSettings = {
				ALWAYS_SEARCH_USER_PATHS = NO;
				ASSETCATALOG_COMPILER_GENERATE_SWIFT_ASSET_SYMBOL_EXTENSIONS = YES;
				CLANG_ANALYZER_LOCALIZABILITY_NONLOCALIZED = YES;
				CLANG_ANALYZER_NONNULL = YES;
				CLANG_CXX_LANGUAGE_STANDARD = "gnu++20";
				CLANG_ENABLE_MODULES = YES;
				CLANG_ENABLE_OBJC_ARC = YES;
				CLANG_WARN_BLOCK_CAPTURE_AUTORELEASING = YES;
				CLANG_WARN_BOOL_CONVERSION = YES;
				CLANG_WARN_COMMA = YES;
				CLANG_WARN_CONSTANT_CONVERSION = YES;
				CLANG_WARN_DEPRECATED_OBJC_IMPLEMENTATIONS = YES;
				CLANG_WARN_EMPTY_BODY = YES;
				CLANG_WARN_ENUM_CONVERSION = YES;
				CLANG_WARN_INFINITE_RECURSION = YES;
				CLANG_WARN_INT_CONVERSION = YES;
				CLANG_WARN_NON_LITERAL_NULL_CONVERSION = YES;
				CLANG_WARN_OBJC_IMPLICIT_RETAIN_SELF = YES;
				CLANG_WARN_OBJC_LITERAL_CONVERSION = YES;
				CLANG_WARN_QUOTED_INCLUDE_IN_FRAMEWORK_HEADER = YES;
				CLANG_WARN_RANGE_LOOP_ANALYSIS = YES;
				CLANG_WARN_STRICT_PROTOTYPES = YES;
				CLANG_WARN_SUSPICIOUS_MOVE = YES;
				CLANG_WARN_UNREACHABLE_CODE = YES;
				CLANG_WARN__DUPLICATE_METHOD_MATCH = YES;
				COPY_PHASE_STRIP = NO;
				DEAD_CODE_STRIPPING = YES;
				DEBUG_INFORMATION_FORMAT = "dwarf-with-dsym";
				ENABLE_NS_ASSERTIONS = NO;
				ENABLE_STRICT_OBJC_MSGSEND = YES;
				ENABLE_USER_SCRIPT_SANDBOXING = YES;
				GCC_NO_COMMON_BLOCKS = YES;
				GCC_WARN_64_TO_32_BIT_CONVERSION = YES;
				GCC_WARN_ABOUT_RETURN_TYPE = YES_ERROR;
				GCC_WARN_UNDECLARED_SELECTOR = YES;
				GCC_WARN_UNINITIALIZED_AUTOS = YES_AGGRESSIVE;
				GCC_WARN_UNUSED_FUNCTION = YES;
				GCC_WARN_UNUSED_VARIABLE = YES;
				MACOSX_DEPLOYMENT_TARGET = 14.0;
				MTL_ENABLE_DEBUG_INFO = NO;
				SDKROOT = macosx;
				STRING_CATALOG_GENERATE_SYMBOLS = YES;
				SWIFT_COMPILATION_MODE = wholemodule;
			};
			name = Release;
		};
		F10003_DEBUG /* Debug */ = {
			isa = XCBuildConfiguration;
			buildSettings = {
				ASSETCATALOG_COMPILER_APPICON_NAME = AppIcon;
					CODE_SIGN_ENTITLEMENTS = PickLingo/SelectTranslate.entitlements;
				CODE_SIGN_STYLE = Automatic;
				COMBINE_HIDPI_IMAGES = YES;
				CURRENT_PROJECT_VERSION = 1;
				DEAD_CODE_STRIPPING = YES;
				GENERATE_INFOPLIST_FILE = NO;
					INFOPLIST_FILE = PickLingo/Info.plist;
				INFOPLIST_KEY_LSApplicationCategoryType = "public.app-category.utilities";
				INFOPLIST_KEY_NSHumanReadableCopyright = "Copyright 2026. All rights reserved.";
				LD_RUNPATH_SEARCH_PATHS = (
					"$(inherited)",
					"@executable_path/../Frameworks",
				);
				MARKETING_VERSION = 1.0.0;
				PRODUCT_BUNDLE_IDENTIFIER = com.picklingo.app;
				PRODUCT_NAME = PickLingo;
				SWIFT_EMIT_LOC_STRINGS = YES;
				SWIFT_VERSION = 5.0;
			};
			name = Debug;
		};
		F10003_RELEASE /* Release */ = {
			isa = XCBuildConfiguration;
			buildSettings = {
				ASSETCATALOG_COMPILER_APPICON_NAME = AppIcon;
					CODE_SIGN_ENTITLEMENTS = PickLingo/SelectTranslate.entitlements;
				CODE_SIGN_STYLE = Automatic;
				COMBINE_HIDPI_IMAGES = YES;
				CURRENT_PROJECT_VERSION = 1;
				DEAD_CODE_STRIPPING = YES;
				GENERATE_INFOPLIST_FILE = NO;
					INFOPLIST_FILE = PickLingo/Info.plist;
				INFOPLIST_KEY_LSApplicationCategoryType = "public.app-category.utilities";
				INFOPLIST_KEY_NSHumanReadableCopyright = "Copyright 2026. All rights reserved.";
				LD_RUNPATH_SEARCH_PATHS = (
					"$(inherited)",
					"@executable_path/../Frameworks",
				);
				MARKETING_VERSION = 1.0.0;
				PRODUCT_BUNDLE_IDENTIFIER = com.picklingo.app;
				PRODUCT_NAME = PickLingo;
				SWIFT_EMIT_LOC_STRINGS = YES;
				SWIFT_VERSION = 5.0;
			};
			name = Release;
		};
/* End XCBuildConfiguration section */

/* Begin XCConfigurationList section */
		F10001 /* Build configuration list for PBXProject "PickLingo" */ = {
			isa = XCConfigurationList;
			buildConfigurations = (
				F10001_DEBUG /* Debug */,
				F10001_RELEASE /* Release */,
			);
			defaultConfigurationIsVisible = 0;
			defaultConfigurationName = Release;
		};
		F10003 /* Build configuration list for PBXNativeTarget "PickLingo" */ = {
			isa = XCConfigurationList;
			buildConfigurations = (
				F10003_DEBUG /* Debug */,
				F10003_RELEASE /* Release */,
			);
			defaultConfigurationIsVisible = 0;
			defaultConfigurationName = Release;
		};
/* End XCConfigurationList section */
	};
	rootObject = D10000_PROJECT /* Project object */;
}
